
Microsoft Visual Studio Solution File, Format Version 12.00
# Visual Studio Version 17
VisualStudioVersion = 17.0.32014.148
MinimumVisualStudioVersion = 10.0.40219.1
Project("{FAE04EC0-301F-11D3-BF4B-00C04F79EFBC}") = "Pathsworks", "Pathsworks\Pathsworks.csproj", "{ADF830A6-CD82-422A-A14C-FF96D2AD0F10}"
EndProject
Global
	GlobalSection(SolutionConfigurationPlatforms) = preSolution
		Debug|Any CPU = Debug|Any CPU
		Release|Any CPU = Release|Any CPU
	EndGlobalSection
	GlobalSection(ProjectConfigurationPlatforms) = postSolution
		{ADF830A6-CD82-422A-A14C-FF96D2AD0F10}.Debug|Any CPU.ActiveCfg = Debug|Any CPU
		{ADF830A6-CD82-422A-A14C-FF96D2AD0F10}.Debug|Any CPU.Build.0 = Debug|Any CPU
		{ADF830A6-CD82-422A-A14C-FF96D2AD0F10}.Release|Any CPU.ActiveCfg = Release|Any CPU
		{ADF830A6-CD82-422A-A14C-FF96D2AD0F10}.Release|Any CPU.Build.0 = Release|Any CPU
	EndGlobalSection
	GlobalSection(SolutionProperties) = preSolution
		HideSolutionNode = FALSE
	EndGlobalSection
	GlobalSection(ExtensibilityGlobals) = postSolution
		SolutionGuid = {179EDC1C-8FEE-4784-938A-710B985A7CDB}
	EndGlobalSection
EndGlobal
